<?xml version="1.0" encoding="utf-8"?>
<Project ToolsVersion="4.0" xmlns="http://schemas.microsoft.com/developer/msbuild/2003">
  <ItemGroup>
    <Filter Include="Source Files">
      <UniqueIdentifier>{4FC737F1-C7A5-4376-A066-2A32D752A2FF}</UniqueIdentifier>
      <Extensions>cpp;c;cc;cxx;def;odl;idl;hpj;bat;asm;asmx</Extensions>
    </Filter>
    <Filter Include="Header Files">
      <UniqueIdentifier>{93995380-89BD-4b04-88EB-625FBE52EBFB}</UniqueIdentifier>
      <Extensions>h;hh;hpp;hxx;hm;inl;inc;xsd</Extensions>
    </Filter>
    <Filter Include="Resource Files">
      <UniqueIdentifier>{67DA6AB6-F800-4c08-8B7A-83BB121AAD01}</UniqueIdentifier>
      <Extensions>rc;ico;cur;bmp;dlg;rc2;rct;bin;rgs;gif;jpg;jpeg;jpe;resx;tiff;tif;png;wav;mfcribbon-ms</Extensions>
    </Filter>
  </ItemGroup>
  <ItemGroup>
    <None Include="packages.config" />
  </ItemGroup>
  <ItemGroup>
    <ClCompile Include="main.cpp">
      <Filter>Source Files</Filter>
    </ClCompile>
    <ClCompile Include="board.cpp">
      <Filter>Source Files</Filter>
    </ClCompile>
    <ClCompile Include="boardgl.cpp">
      <Filter>Source Files</Filter>
    </ClCompile>
    <ClCompile Include="commons.cpp">
      <Filter>Source Files</Filter>
    </ClCompile>
    <ClCompile Include="frog.cpp">
      <Filter>Source Files</Filter>
    </ClCompile>
    <ClCompile Include="froggl.cpp">
      <Filter>Source Files</Filter>
    </ClCompile>
    <ClCompile Include="object.cpp">
      <Filter>Source Files</Filter>
    </ClCompile>
    <ClCompile Include="bonus.cpp">
      <Filter>Source Files</Filter>
    </ClCompile>
    <ClCompile Include="mobile.cpp">
      <Filter>Source Files</Filter>
    </ClCompile>
    <ClCompile Include="automobile.cpp">
      <Filter>Source Files</Filter>
    </ClCompile>
    <ClCompile Include="sinkable.cpp">
      <Filter>Source Files</Filter>
    </ClCompile>
    <ClCompile Include="female.cpp">
      <Filter>Source Files</Filter>
    </ClCompile>
    <ClCompile Include="fly.cpp">
      <Filter>Source Files</Filter>
    </ClCompile>
    <ClCompile Include="objectgl.cpp">
      <Filter>Source Files</Filter>
    </ClCompile>
    <ClCompile Include="gear.cpp">
      <Filter>Source Files</Filter>
    </ClCompile>
    <ClCompile Include="rules.cpp">
      <Filter>Source Files</Filter>
    </ClCompile>
  </ItemGroup>
  <ItemGroup>
    <ClInclude Include="female.h">
      <Filter>Header Files</Filter>
    </ClInclude>
    <ClInclude Include="fly.h">
      <Filter>Header Files</Filter>
    </ClInclude>
    <ClInclude Include="Automobile.h">
      <Filter>Header Files</Filter>
    </ClInclude>
    <ClInclude Include="board.h">
      <Filter>Header Files</Filter>
    </ClInclude>
    <ClInclude Include="boardgl.h">
      <Filter>Header Files</Filter>
    </ClInclude>
    <ClInclude Include="bonus.h">
      <Filter>Header Files</Filter>
    </ClInclude>
    <ClInclude Include="frog.h">
      <Filter>Header Files</Filter>
    </ClInclude>
    <ClInclude Include="froggl.h">
      <Filter>Header Files</Filter>
    </ClInclude>
    <ClInclude Include="mobile.h">
      <Filter>Header Files</Filter>
    </ClInclude>
    <ClInclude Include="object.h">
      <Filter>Header Files</Filter>
    </ClInclude>
    <ClInclude Include="sinkable.h">
      <Filter>Header Files</Filter>
    </ClInclude>
    <ClInclude Include="commons.h">
      <Filter>Header Files</Filter>
    </ClInclude>
    <ClInclude Include="objectgl.h">
      <Filter>Header Files</Filter>
    </ClInclude>
    <ClInclude Include="gear.h">
      <Filter>Header Files</Filter>
    </ClInclude>
    <ClInclude Include="rules.h">
      <Filter>Header Files</Filter>
    </ClInclude>
  </ItemGroup>
</Project>